{
  "name": "Worker+KV",
  "lockfileVersion": 3,
  "requires": true,
  "packages": {
    "": {
      "dependencies": {
        "dayjs": "^1.11.20",
        "hono": "^4.12.18",
        "satellite.js": "^7.0.0"
      }
    },
    "node_modules/dayjs": {
      "version": "1.11.20",
      "resolved": "https://registry.npmmirror.com/dayjs/-/dayjs-1.11.20.tgz",
      "integrity": "sha512-YbwwqR/uYpeoP4pu043q+LTDLFBLApUP6VxRihdfNTqu4ubqMlGDLd6ErXhEgsyvY0K6nCs7nggYumAN+9uEuQ==",
      "license": "MIT"
    },
    "node_modules/hono": {
      "version": "4.12.18",
      "resolved": "https://registry.npmmirror.com/hono/-/hono-4.12.18.tgz",
      "integrity": "sha512-RWzP96k/yv0PQfyXnWjs6zot20TqfpfsNXhOnev8d1InAxubW93L11/oNUc3tQqn2G0bSdAOBpX+2uDFHV7kdQ==",
      "license": "MIT",
      "engines": {
        "node": ">=16.9.0"
      }
    },
    "node_modules/satellite.js": {
      "version": "7.0.0",
      "resolved": "https://registry.npmmirror.com/satellite.js/-/satellite.js-7.0.0.tgz",
      "integrity": "sha512-jrWZBytZgpzcfWpny6jsV7/StWKmie6JlDNpQ53RjbIXVDJPleQw8y+Cs/ZXaPIs720NFgQQLyvqYTbpsBTXKg==",
      "license": "MIT"
    }
  }
}
